PODS:
  - CocoaLumberjack/Core (3.6.0)
  - CocoaLumberjack/Swift (3.6.0):
    - CocoaLumberjack/Core
  - Nimble (8.0.4)
  - PickwareStyleGuide (0.0.1):
    - SwiftLint (~> 0.35.0)
  - PromiseKit (6.11.0):
    - PromiseKit/CorePromise (= 6.11.0)
    - PromiseKit/Foundation (= 6.11.0)
    - PromiseKit/UIKit (= 6.11.0)
  - PromiseKit/CorePromise (6.11.0)
  - PromiseKit/Foundation (6.11.0):
    - PromiseKit/CorePromise
  - Quick (2.2.0)
  - RxSwift (5.0.0)
  - SwiftLint (0.35.0)

DEPENDENCIES:
  - CocoaLumberjack/Swift (~> 3.5)
  - Nimble (~> 8.0)
  - "PickwareStyleGuide (from `git@github.com:VIISON/style-guide.git`, branch `master`)"
  - PromiseKit (~> 6.8)
  - Quick (~> 2.1)
  - RxSwift (~> 5.0)

SPEC REPOS:
  https://github.com/cocoapods/specs.git:
    - CocoaLumberjack
    - Nimble
    - PromiseKit
    - Quick
    - RxSwift
    - SwiftLint

EXTERNAL SOURCES:
  PickwareStyleGuide:
    :branch: master
    :git: "git@github.com:VIISON/style-guide.git"

CHECKOUT OPTIONS:
  PickwareStyleGuide:
    :commit: 69d04f4fdb70b7f8d9e458717ea7042d079524f0
    :git: "git@github.com:VIISON/style-guide.git"

SPEC CHECKSUMS:
  CocoaLumberjack: 78b0c238666f4f58db069738ec176f4519557516
  Nimble: 18d5360282923225d62b09d781f63abc1a0111fc
  PickwareStyleGuide: 6acfb74a98065a1c12061e48f596b311188e4f0d
  PromiseKit: e4863d06976e7dee5e41c04fc7371c16b3600292
  Quick: 7fb19e13be07b5dfb3b90d4f9824c855a11af40e
  RxSwift: 8b0671caa829a763bbce7271095859121cbd895f
  SwiftLint: 5553187048b900c91aa03552807681bb6b027846

PODFILE CHECKSUM: 3fe787e636731d50dadafc59e91c25296b523576

COCOAPODS: 1.6.1
